
Microsoft Visual Studio Solution File, Format Version 12.00
# Visual Studio Version 17
VisualStudioVersion = 17.8.34511.84
MinimumVisualStudioVersion = 10.0.40219.1
Project("{FAE04EC0-301F-11D3-BF4B-00C04F79EFBC}") = "Conversao", "Conversao.csproj", "{F93E71C9-B0A9-496F-8232-28B11EA650E3}"
EndProject
Project("{FAE04EC0-301F-11D3-BF4B-00C04F79EFBC}") = "TestProject1", "..\TestProject1\TestProject1.csproj", "{D0CC6561-E388-4102-849D-BB3609962237}"
EndProject
Global
	GlobalSection(SolutionConfigurationPlatforms) = preSolution
		Debug|Any CPU = Debug|Any CPU
		Release|Any CPU = Release|Any CPU
	EndGlobalSection
	GlobalSection(ProjectConfigurationPlatforms) = postSolution
		{F93E71C9-B0A9-496F-8232-28B11EA650E3}.Debug|Any CPU.ActiveCfg = Debug|Any CPU
		{F93E71C9-B0A9-496F-8232-28B11EA650E3}.Debug|Any CPU.Build.0 = Debug|Any CPU
		{F93E71C9-B0A9-496F-8232-28B11EA650E3}.Release|Any CPU.ActiveCfg = Release|Any CPU
		{F93E71C9-B0A9-496F-8232-28B11EA650E3}.Release|Any CPU.Build.0 = Release|Any CPU
		{D0CC6561-E388-4102-849D-BB3609962237}.Debug|Any CPU.ActiveCfg = Debug|Any CPU
		{D0CC6561-E388-4102-849D-BB3609962237}.Debug|Any CPU.Build.0 = Debug|Any CPU
		{D0CC6561-E388-4102-849D-BB3609962237}.Release|Any CPU.ActiveCfg = Release|Any CPU
		{D0CC6561-E388-4102-849D-BB3609962237}.Release|Any CPU.Build.0 = Release|Any CPU
	EndGlobalSection
	GlobalSection(SolutionProperties) = preSolution
		HideSolutionNode = FALSE
	EndGlobalSection
	GlobalSection(ExtensibilityGlobals) = postSolution
		SolutionGuid = {84BEA8B2-1764-41B2-B312-89C77A0D9131}
	EndGlobalSection
EndGlobal
